// !$*UTF8*$!
{
	archiveVersion = 1;
	classes = {
	};
	objectVersion = 56;
	objects = {

/* Begin PBXBuildFile section */
		F704329D29C7484A007888FE /* popup.css in Resources */ = {isa = PBXBuildFile; fileRef = F704329C29C7484A007888FE /* popup.css */; };
		F704329E29C7484A007888FE /* popup.css in Resources */ = {isa = PBXBuildFile; fileRef = F704329C29C7484A007888FE /* popup.css */; };
		F768ED3F2999548600CAD145 /* InfoView.swift in Sources */ = {isa = PBXBuildFile; fileRef = F768ED3E2999548600CAD145 /* InfoView.swift */; };
		F768ED422999579900CAD145 /* Localizable.strings in Resources */ = {isa = PBXBuildFile; fileRef = F768ED442999579900CAD145 /* Localizable.strings */; };
		F779748829C7080400C2CD12 /* siteinfo.js in Resources */ = {isa = PBXBuildFile; fileRef = F779747729C7080300C2CD12 /* siteinfo.js */; };
		F779748929C7080400C2CD12 /* siteinfo.js in Resources */ = {isa = PBXBuildFile; fileRef = F779747729C7080300C2CD12 /* siteinfo.js */; };
		F779748A29C7080400C2CD12 /* options.css in Resources */ = {isa = PBXBuildFile; fileRef = F779747829C7080300C2CD12 /* options.css */; };
		F779748B29C7080400C2CD12 /* options.css in Resources */ = {isa = PBXBuildFile; fileRef = F779747829C7080300C2CD12 /* options.css */; };
		F779748C29C7080400C2CD12 /* autopagerize.user.js in Resources */ = {isa = PBXBuildFile; fileRef = F779747929C7080300C2CD12 /* autopagerize.user.js */; };
		F779748D29C7080400C2CD12 /* autopagerize.user.js in Resources */ = {isa = PBXBuildFile; fileRef = F779747929C7080300C2CD12 /* autopagerize.user.js */; };
		F779748E29C7080400C2CD12 /* options.js in Resources */ = {isa = PBXBuildFile; fileRef = F779747A29C7080300C2CD12 /* options.js */; };
		F779748F29C7080400C2CD12 /* options.js in Resources */ = {isa = PBXBuildFile; fileRef = F779747A29C7080300C2CD12 /* options.js */; };
		F779749229C7080400C2CD12 /* extension.js in Resources */ = {isa = PBXBuildFile; fileRef = F779747C29C7080300C2CD12 /* extension.js */; };
		F779749329C7080400C2CD12 /* extension.js in Resources */ = {isa = PBXBuildFile; fileRef = F779747C29C7080300C2CD12 /* extension.js */; };
		F779749429C7080400C2CD12 /* locale.js in Resources */ = {isa = PBXBuildFile; fileRef = F779747D29C7080300C2CD12 /* locale.js */; };
		F779749529C7080400C2CD12 /* locale.js in Resources */ = {isa = PBXBuildFile; fileRef = F779747D29C7080300C2CD12 /* locale.js */; };
		F779749629C7080400C2CD12 /* background.js in Resources */ = {isa = PBXBuildFile; fileRef = F779747E29C7080300C2CD12 /* background.js */; };
		F779749729C7080400C2CD12 /* background.js in Resources */ = {isa = PBXBuildFile; fileRef = F779747E29C7080300C2CD12 /* background.js */; };
		F779749829C7080400C2CD12 /* loading.gif in Resources */ = {isa = PBXBuildFile; fileRef = F779747F29C7080300C2CD12 /* loading.gif */; };
		F779749929C7080400C2CD12 /* loading.gif in Resources */ = {isa = PBXBuildFile; fileRef = F779747F29C7080300C2CD12 /* loading.gif */; };
		F779749A29C7080400C2CD12 /* popup.js in Resources */ = {isa = PBXBuildFile; fileRef = F779748029C7080300C2CD12 /* popup.js */; };
		F779749B29C7080400C2CD12 /* popup.js in Resources */ = {isa = PBXBuildFile; fileRef = F779748029C7080300C2CD12 /* popup.js */; };
		F779749C29C7080400C2CD12 /* index.html in Resources */ = {isa = PBXBuildFile; fileRef = F779748129C7080300C2CD12 /* index.html */; };
		F779749D29C7080400C2CD12 /* index.html in Resources */ = {isa = PBXBuildFile; fileRef = F779748129C7080300C2CD12 /* index.html */; };
		F779749E29C7080400C2CD12 /* popup.html in Resources */ = {isa = PBXBuildFile; fileRef = F779748229C7080300C2CD12 /* popup.html */; };
		F779749F29C7080400C2CD12 /* popup.html in Resources */ = {isa = PBXBuildFile; fileRef = F779748229C7080300C2CD12 /* popup.html */; };
		F77974A029C7080400C2CD12 /* error.html in Resources */ = {isa = PBXBuildFile; fileRef = F779748329C7080300C2CD12 /* error.html */; };
		F77974A129C7080400C2CD12 /* error.html in Resources */ = {isa = PBXBuildFile; fileRef = F779748329C7080300C2CD12 /* error.html */; };
		F77974A229C7080400C2CD12 /* background.html in Resources */ = {isa = PBXBuildFile; fileRef = F779748429C7080300C2CD12 /* background.html */; };
		F77974A329C7080400C2CD12 /* background.html in Resources */ = {isa = PBXBuildFile; fileRef = F779748429C7080300C2CD12 /* background.html */; };
		F77974A429C7080400C2CD12 /* 0f0.png in Resources */ = {isa = PBXBuildFile; fileRef = F779748529C7080300C2CD12 /* 0f0.png */; };
		F77974A529C7080400C2CD12 /* 0f0.png in Resources */ = {isa = PBXBuildFile; fileRef = F779748529C7080300C2CD12 /* 0f0.png */; };
		F77974A829C7267C00C2CD12 /* loading.html in Resources */ = {isa = PBXBuildFile; fileRef = F779747629C7080300C2CD12 /* loading.html */; };
		F77974A929C7267E00C2CD12 /* loading.html in Resources */ = {isa = PBXBuildFile; fileRef = F779747629C7080300C2CD12 /* loading.html */; };
		F77974AB29C72A2F00C2CD12 /* manifest.json in Resources */ = {isa = PBXBuildFile; fileRef = F77974AA29C72A2F00C2CD12 /* manifest.json */; };
		F77974AC29C72A2F00C2CD12 /* manifest.json in Resources */ = {isa = PBXBuildFile; fileRef = F77974AA29C72A2F00C2CD12 /* manifest.json */; };
		F7D854412998CFEA009E5CBF /* AutoPagerize_XApp.swift in Sources */ = {isa = PBXBuildFile; fileRef = F7D854402998CFEA009E5CBF /* AutoPagerize_XApp.swift */; };
		F7D854432998CFEA009E5CBF /* ContentView.swift in Sources */ = {isa = PBXBuildFile; fileRef = F7D854422998CFEA009E5CBF /* ContentView.swift */; };
		F7D854452998CFEB009E5CBF /* Assets.xcassets in Resources */ = {isa = PBXBuildFile; fileRef = F7D854442998CFEB009E5CBF /* Assets.xcassets */; };
		F7D854492998CFEB009E5CBF /* Preview Assets.xcassets in Resources */ = {isa = PBXBuildFile; fileRef = F7D854482998CFEB009E5CBF /* Preview Assets.xcassets */; };
		F7D854532998CFEB009E5CBF /* AutoPagerize_XTests.swift in Sources */ = {isa = PBXBuildFile; fileRef = F7D854522998CFEB009E5CBF /* AutoPagerize_XTests.swift */; };
		F7D8545D2998CFEB009E5CBF /* AutoPagerize_XUITests.swift in Sources */ = {isa = PBXBuildFile; fileRef = F7D8545C2998CFEB009E5CBF /* AutoPagerize_XUITests.swift */; };
		F7D8545F2998CFEB009E5CBF /* AutoPagerize_XUITestsLaunchTests.swift in Sources */ = {isa = PBXBuildFile; fileRef = F7D8545E2998CFEB009E5CBF /* AutoPagerize_XUITestsLaunchTests.swift */; };
		F7D854B72998D154009E5CBF /* _locales in Resources */ = {isa = PBXBuildFile; fileRef = F7D854B62998D154009E5CBF /* _locales */; };
		F7D854B92998D154009E5CBF /* images in Resources */ = {isa = PBXBuildFile; fileRef = F7D854B82998D154009E5CBF /* images */; };
		F7D854C92998D154009E5CBF /* AutoPagerize X Extention iOS.appex in Embed Foundation Extensions */ = {isa = PBXBuildFile; fileRef = F7D854B12998D154009E5CBF /* AutoPagerize X Extention iOS.appex */; platformFilter = ios; settings = {ATTRIBUTES = (RemoveHeadersOnCopy, ); }; };
		F7D854D42998D171009E5CBF /* SafariWebExtensionHandler.swift in Sources */ = {isa = PBXBuildFile; fileRef = F7D854D32998D171009E5CBF /* SafariWebExtensionHandler.swift */; };
		F7D854EA2998D171009E5CBF /* AutoPagerize X Extention macOS.appex in Embed Foundation Extensions */ = {isa = PBXBuildFile; fileRef = F7D854D12998D171009E5CBF /* AutoPagerize X Extention macOS.appex */; platformFilters = (macos, ); settings = {ATTRIBUTES = (RemoveHeadersOnCopy, ); }; };
		F7D854EF2998D240009E5CBF /* SafariWebExtensionHandler.swift in Sources */ = {isa = PBXBuildFile; fileRef = F7D854D32998D171009E5CBF /* SafariWebExtensionHandler.swift */; };
		F7D8559A2998D6FD009E5CBF /* images in Resources */ = {isa = PBXBuildFile; fileRef = F7D854B82998D154009E5CBF /* images */; };
		F7D8559B2998D720009E5CBF /* _locales in Resources */ = {isa = PBXBuildFile; fileRef = F7D854B62998D154009E5CBF /* _locales */; };
		F7D855FF2998D9D0009E5CBF /* options.html in Resources */ = {isa = PBXBuildFile; fileRef = F7D855E22998D9D0009E5CBF /* options.html */; };
		F7D856002998D9D0009E5CBF /* options.html in Resources */ = {isa = PBXBuildFile; fileRef = F7D855E22998D9D0009E5CBF /* options.html */; };
/* End PBXBuildFile section */

/* Begin PBXContainerItemProxy section */
		F7D8544F2998CFEB009E5CBF /* PBXContainerItemProxy */ = {
			isa = PBXContainerItemProxy;
			containerPortal = F7D854352998CFEA009E5CBF /* Project object */;
			proxyType = 1;
			remoteGlobalIDString = F7D8543C2998CFEA009E5CBF;
			remoteInfo = "AutoPagerize X";
		};
		F7D854592998CFEB009E5CBF /* PBXContainerItemProxy */ = {
			isa = PBXContainerItemProxy;
			containerPortal = F7D854352998CFEA009E5CBF /* Project object */;
			proxyType = 1;
			remoteGlobalIDString = F7D8543C2998CFEA009E5CBF;
			remoteInfo = "AutoPagerize X";
		};
		F7D854C72998D154009E5CBF /* PBXContainerItemProxy */ = {
			isa = PBXContainerItemProxy;
			containerPortal = F7D854352998CFEA009E5CBF /* Project object */;
			proxyType = 1;
			remoteGlobalIDString = F7D854B02998D154009E5CBF;
			remoteInfo = "AutoPagerize X Extention iOS";
		};
		F7D854E82998D171009E5CBF /* PBXContainerItemProxy */ = {
			isa = PBXContainerItemProxy;
			containerPortal = F7D854352998CFEA009E5CBF /* Project object */;
			proxyType = 1;
			remoteGlobalIDString = F7D854D02998D171009E5CBF;
			remoteInfo = "AutoPagerize X Extention macOS";
		};
/* End PBXContainerItemProxy section */

/* Begin PBXCopyFilesBuildPhase section */
		F7D8548C2998D060009E5CBF /* Embed Foundation Extensions */ = {
			isa = PBXCopyFilesBuildPhase;
			buildActionMask = 2147483647;
			dstPath = "";
			dstSubfolderSpec = 13;
			files = (
				F7D854C92998D154009E5CBF /* AutoPagerize X Extention iOS.appex in Embed Foundation Extensions */,
				F7D854EA2998D171009E5CBF /* AutoPagerize X Extention macOS.appex in Embed Foundation Extensions */,
			);
			name = "Embed Foundation Extensions";
			runOnlyForDeploymentPostprocessing = 0;
		};
/* End PBXCopyFilesBuildPhase section */

/* Begin PBXFileReference section */
		F704329C29C7484A007888FE /* popup.css */ = {isa = PBXFileReference; lastKnownFileType = text.css; path = popup.css; sourceTree = "<group>"; };
		F768ED3E2999548600CAD145 /* InfoView.swift */ = {isa = PBXFileReference; lastKnownFileType = sourcecode.swift; path = InfoView.swift; sourceTree = "<group>"; };
		F768ED432999579900CAD145 /* en */ = {isa = PBXFileReference; lastKnownFileType = text.plist.strings; name = en; path = en.lproj/Localizable.strings; sourceTree = "<group>"; };
		F768ED452999579C00CAD145 /* ja */ = {isa = PBXFileReference; lastKnownFileType = text.plist.strings; name = ja; path = ja.lproj/Localizable.strings; sourceTree = "<group>"; };
		F779747629C7080300C2CD12 /* loading.html */ = {isa = PBXFileReference; fileEncoding = 4; lastKnownFileType = text.html; path = loading.html; sourceTree = "<group>"; };
		F779747729C7080300C2CD12 /* siteinfo.js */ = {isa = PBXFileReference; fileEncoding = 4; lastKnownFileType = sourcecode.javascript; path = siteinfo.js; sourceTree = "<group>"; };
		F779747829C7080300C2CD12 /* options.css */ = {isa = PBXFileReference; fileEncoding = 4; lastKnownFileType = text.css; path = options.css; sourceTree = "<group>"; };
		F779747929C7080300C2CD12 /* autopagerize.user.js */ = {isa = PBXFileReference; fileEncoding = 4; lastKnownFileType = sourcecode.javascript; path = autopagerize.user.js; sourceTree = "<group>"; };
		F779747A29C7080300C2CD12 /* options.js */ = {isa = PBXFileReference; fileEncoding = 4; lastKnownFileType = sourcecode.javascript; path = options.js; sourceTree = "<group>"; };
		F779747C29C7080300C2CD12 /* extension.js */ = {isa = PBXFileReference; fileEncoding = 4; lastKnownFileType = sourcecode.javascript; path = extension.js; sourceTree = "<group>"; };
		F779747D29C7080300C2CD12 /* locale.js */ = {isa = PBXFileReference; fileEncoding = 4; lastKnownFileType = sourcecode.javascript; path = locale.js; sourceTree = "<group>"; };
		F779747E29C7080300C2CD12 /* background.js */ = {isa = PBXFileReference; fileEncoding = 4; lastKnownFileType = sourcecode.javascript; path = background.js; sourceTree = "<group>"; };
		F779747F29C7080300C2CD12 /* loading.gif */ = {isa = PBXFileReference; lastKnownFileType = image.gif; path = loading.gif; sourceTree = "<group>"; };
		F779748029C7080300C2CD12 /* popup.js */ = {isa = PBXFileReference; fileEncoding = 4; lastKnownFileType = sourcecode.javascript; path = popup.js; sourceTree = "<group>"; };
		F779748129C7080300C2CD12 /* index.html */ = {isa = PBXFileReference; fileEncoding = 4; lastKnownFileType = text.html; path = index.html; sourceTree = "<group>"; };
		F779748229C7080300C2CD12 /* popup.html */ = {isa = PBXFileReference; fileEncoding = 4; lastKnownFileType = text.html; path = popup.html; sourceTree = "<group>"; };
		F779748329C7080300C2CD12 /* error.html */ = {isa = PBXFileReference; fileEncoding = 4; lastKnownFileType = text.html; path = error.html; sourceTree = "<group>"; };
		F779748429C7080300C2CD12 /* background.html */ = {isa = PBXFileReference; fileEncoding = 4; lastKnownFileType = text.html; path = background.html; sourceTree = "<group>"; };
		F779748529C7080300C2CD12 /* 0f0.png */ = {isa = PBXFileReference; lastKnownFileType = image.png; path = 0f0.png; sourceTree = "<group>"; };
		F77974AA29C72A2F00C2CD12 /* manifest.json */ = {isa = PBXFileReference; lastKnownFileType = text.json; path = manifest.json; sourceTree = "<group>"; };
		F7D8543D2998CFEA009E5CBF /* AutoPagerize X.app */ = {isa = PBXFileReference; explicitFileType = wrapper.application; includeInIndex = 0; path = "AutoPagerize X.app"; sourceTree = BUILT_PRODUCTS_DIR; };
		F7D854402998CFEA009E5CBF /* AutoPagerize_XApp.swift */ = {isa = PBXFileReference; lastKnownFileType = sourcecode.swift; path = AutoPagerize_XApp.swift; sourceTree = "<group>"; };
		F7D854422998CFEA009E5CBF /* ContentView.swift */ = {isa = PBXFileReference; lastKnownFileType = sourcecode.swift; path = ContentView.swift; sourceTree = "<group>"; };
		F7D854442998CFEB009E5CBF /* Assets.xcassets */ = {isa = PBXFileReference; lastKnownFileType = folder.assetcatalog; path = Assets.xcassets; sourceTree = "<group>"; };
		F7D854462998CFEB009E5CBF /* AutoPagerize_X.entitlements */ = {isa = PBXFileReference; lastKnownFileType = text.plist.entitlements; path = AutoPagerize_X.entitlements; sourceTree = "<group>"; };
		F7D854482998CFEB009E5CBF /* Preview Assets.xcassets */ = {isa = PBXFileReference; lastKnownFileType = folder.assetcatalog; path = "Preview Assets.xcassets"; sourceTree = "<group>"; };
		F7D8544E2998CFEB009E5CBF /* AutoPagerize XTests.xctest */ = {isa = PBXFileReference; explicitFileType = wrapper.cfbundle; includeInIndex = 0; path = "AutoPagerize XTests.xctest"; sourceTree = BUILT_PRODUCTS_DIR; };
		F7D854522998CFEB009E5CBF /* AutoPagerize_XTests.swift */ = {isa = PBXFileReference; lastKnownFileType = sourcecode.swift; path = AutoPagerize_XTests.swift; sourceTree = "<group>"; };
		F7D854582998CFEB009E5CBF /* AutoPagerize XUITests.xctest */ = {isa = PBXFileReference; explicitFileType = wrapper.cfbundle; includeInIndex = 0; path = "AutoPagerize XUITests.xctest"; sourceTree = BUILT_PRODUCTS_DIR; };
		F7D8545C2998CFEB009E5CBF /* AutoPagerize_XUITests.swift */ = {isa = PBXFileReference; lastKnownFileType = sourcecode.swift; path = AutoPagerize_XUITests.swift; sourceTree = "<group>"; };
		F7D8545E2998CFEB009E5CBF /* AutoPagerize_XUITestsLaunchTests.swift */ = {isa = PBXFileReference; lastKnownFileType = sourcecode.swift; path = AutoPagerize_XUITestsLaunchTests.swift; sourceTree = "<group>"; };
		F7D854B12998D154009E5CBF /* AutoPagerize X Extention iOS.appex */ = {isa = PBXFileReference; explicitFileType = "wrapper.app-extension"; includeInIndex = 0; path = "AutoPagerize X Extention iOS.appex"; sourceTree = BUILT_PRODUCTS_DIR; };
		F7D854B62998D154009E5CBF /* _locales */ = {isa = PBXFileReference; lastKnownFileType = folder; path = _locales; sourceTree = "<group>"; };
		F7D854B82998D154009E5CBF /* images */ = {isa = PBXFileReference; lastKnownFileType = folder; path = images; sourceTree = "<group>"; };
		F7D854C62998D154009E5CBF /* Info.plist */ = {isa = PBXFileReference; lastKnownFileType = text.plist.xml; path = Info.plist; sourceTree = "<group>"; };
		F7D854D12998D171009E5CBF /* AutoPagerize X Extention macOS.appex */ = {isa = PBXFileReference; explicitFileType = "wrapper.app-extension"; includeInIndex = 0; path = "AutoPagerize X Extention macOS.appex"; sourceTree = BUILT_PRODUCTS_DIR; };
		F7D854D32998D171009E5CBF /* SafariWebExtensionHandler.swift */ = {isa = PBXFileReference; lastKnownFileType = sourcecode.swift; path = SafariWebExtensionHandler.swift; sourceTree = "<group>"; };
		F7D854E62998D171009E5CBF /* Info.plist */ = {isa = PBXFileReference; lastKnownFileType = text.plist.xml; path = Info.plist; sourceTree = "<group>"; };
		F7D854E72998D171009E5CBF /* AutoPagerize_X_Extention_macOS.entitlements */ = {isa = PBXFileReference; lastKnownFileType = text.plist.entitlements; path = AutoPagerize_X_Extention_macOS.entitlements; sourceTree = "<group>"; };
		F7D855E22998D9D0009E5CBF /* options.html */ = {isa = PBXFileReference; fileEncoding = 4; lastKnownFileType = text.html; path = options.html; sourceTree = "<group>"; };
/* End PBXFileReference section */

/* Begin PBXFrameworksBuildPhase section */
		F7D8543A2998CFEA009E5CBF /* Frameworks */ = {
			isa = PBXFrameworksBuildPhase;
			buildActionMask = 2147483647;
			files = (
			);
			runOnlyForDeploymentPostprocessing = 0;
		};
		F7D8544B2998CFEB009E5CBF /* Frameworks */ = {
			isa = PBXFrameworksBuildPhase;
			buildActionMask = 2147483647;
			files = (
			);
			runOnlyForDeploymentPostprocessing = 0;
		};
		F7D854552998CFEB009E5CBF /* Frameworks */ = {
			isa = PBXFrameworksBuildPhase;
			buildActionMask = 2147483647;
			files = (
			);
			runOnlyForDeploymentPostprocessing = 0;
		};
		F7D854AE2998D154009E5CBF /* Frameworks */ = {
			isa = PBXFrameworksBuildPhase;
			buildActionMask = 2147483647;
			files = (
			);
			runOnlyForDeploymentPostprocessing = 0;
		};
		F7D854CE2998D171009E5CBF /* Frameworks */ = {
			isa = PBXFrameworksBuildPhase;
			buildActionMask = 2147483647;
			files = (
			);
			runOnlyForDeploymentPostprocessing = 0;
		};
/* End PBXFrameworksBuildPhase section */

/* Begin PBXGroup section */
		F7D854342998CFEA009E5CBF = {
			isa = PBXGroup;
			children = (
				F7D8543F2998CFEA009E5CBF /* AutoPagerize X */,
				F7D854512998CFEB009E5CBF /* AutoPagerize XTests */,
				F7D8545B2998CFEB009E5CBF /* AutoPagerize XUITests */,
				F7D854EE2998D227009E5CBF /* AutoPagerize X Extention */,
				F7D854B22998D154009E5CBF /* AutoPagerize X Extention iOS */,
				F7D854D22998D171009E5CBF /* AutoPagerize X Extention macOS */,
				F7D8543E2998CFEA009E5CBF /* Products */,
			);
			sourceTree = "<group>";
		};
		F7D8543E2998CFEA009E5CBF /* Products */ = {
			isa = PBXGroup;
			children = (
				F7D8543D2998CFEA009E5CBF /* AutoPagerize X.app */,
				F7D8544E2998CFEB009E5CBF /* AutoPagerize XTests.xctest */,
				F7D854582998CFEB009E5CBF /* AutoPagerize XUITests.xctest */,
				F7D854B12998D154009E5CBF /* AutoPagerize X Extention iOS.appex */,
				F7D854D12998D171009E5CBF /* AutoPagerize X Extention macOS.appex */,
			);
			name = Products;
			sourceTree = "<group>";
		};
		F7D8543F2998CFEA009E5CBF /* AutoPagerize X */ = {
			isa = PBXGroup;
			children = (
				F7D854402998CFEA009E5CBF /* AutoPagerize_XApp.swift */,
				F7D854422998CFEA009E5CBF /* ContentView.swift */,
				F768ED3E2999548600CAD145 /* InfoView.swift */,
				F7D854442998CFEB009E5CBF /* Assets.xcassets */,
				F768ED442999579900CAD145 /* Localizable.strings */,
				F7D854462998CFEB009E5CBF /* AutoPagerize_X.entitlements */,
				F7D854472998CFEB009E5CBF /* Preview Content */,
			);
			path = "AutoPagerize X";
			sourceTree = "<group>";
		};
		F7D854472998CFEB009E5CBF /* Preview Content */ = {
			isa = PBXGroup;
			children = (
				F7D854482998CFEB009E5CBF /* Preview Assets.xcassets */,
			);
			path = "Preview Content";
			sourceTree = "<group>";
		};
		F7D854512998CFEB009E5CBF /* AutoPagerize XTests */ = {
			isa = PBXGroup;
			children = (
				F7D854522998CFEB009E5CBF /* AutoPagerize_XTests.swift */,
			);
			path = "AutoPagerize XTests";
			sourceTree = "<group>";
		};
		F7D8545B2998CFEB009E5CBF /* AutoPagerize XUITests */ = {
			isa = PBXGroup;
			children = (
				F7D8545C2998CFEB009E5CBF /* AutoPagerize_XUITests.swift */,
				F7D8545E2998CFEB009E5CBF /* AutoPagerize_XUITestsLaunchTests.swift */,
			);
			path = "AutoPagerize XUITests";
			sourceTree = "<group>";
		};
		F7D854B22998D154009E5CBF /* AutoPagerize X Extention iOS */ = {
			isa = PBXGroup;
			children = (
				F7D854C62998D154009E5CBF /* Info.plist */,
			);
			path = "AutoPagerize X Extention iOS";
			sourceTree = "<group>";
		};
		F7D854B52998D154009E5CBF /* Resources */ = {
			isa = PBXGroup;
			children = (
				F779748529C7080300C2CD12 /* 0f0.png */,
				F779747929C7080300C2CD12 /* autopagerize.user.js */,
				F779748429C7080300C2CD12 /* background.html */,
				F779747E29C7080300C2CD12 /* background.js */,
				F779748329C7080300C2CD12 /* error.html */,
				F779747C29C7080300C2CD12 /* extension.js */,
				F779748129C7080300C2CD12 /* index.html */,
				F779747F29C7080300C2CD12 /* loading.gif */,
				F779747629C7080300C2CD12 /* loading.html */,
				F77974AA29C72A2F00C2CD12 /* manifest.json */,
				F779747D29C7080300C2CD12 /* locale.js */,
				F779747829C7080300C2CD12 /* options.css */,
				F779747A29C7080300C2CD12 /* options.js */,
				F704329C29C7484A007888FE /* popup.css */,
				F779748229C7080300C2CD12 /* popup.html */,
				F779748029C7080300C2CD12 /* popup.js */,
				F779747729C7080300C2CD12 /* siteinfo.js */,
				F7D855E22998D9D0009E5CBF /* options.html */,
				F7D854B62998D154009E5CBF /* _locales */,
				F7D854B82998D154009E5CBF /* images */,
			);
			path = Resources;
			sourceTree = "<group>";
		};
		F7D854D22998D171009E5CBF /* AutoPagerize X Extention macOS */ = {
			isa = PBXGroup;
			children = (
				F7D854E62998D171009E5CBF /* Info.plist */,
				F7D854E72998D171009E5CBF /* AutoPagerize_X_Extention_macOS.entitlements */,
			);
			path = "AutoPagerize X Extention macOS";
			sourceTree = "<group>";
		};
		F7D854EE2998D227009E5CBF /* AutoPagerize X Extention */ = {
			isa = PBXGroup;
			children = (
				F7D854D32998D171009E5CBF /* SafariWebExtensionHandler.swift */,
				F7D854B52998D154009E5CBF /* Resources */,
			);
			path = "AutoPagerize X Extention";
			sourceTree = "<group>";
		};
/* End PBXGroup section */

/* Begin PBXNativeTarget section */
		F7D8543C2998CFEA009E5CBF /* AutoPagerize X */ = {
			isa = PBXNativeTarget;
			buildConfigurationList = F7D854622998CFEB009E5CBF /* Build configuration list for PBXNativeTarget "AutoPagerize X" */;
			buildPhases = (
				F7D854392998CFEA009E5CBF /* Sources */,
				F7D8543A2998CFEA009E5CBF /* Frameworks */,
				F7D8543B2998CFEA009E5CBF /* Resources */,
				F7D8548C2998D060009E5CBF /* Embed Foundation Extensions */,
			);
			buildRules = (
			);
			dependencies = (
				F7D854C82998D154009E5CBF /* PBXTargetDependency */,
				F7D854E92998D171009E5CBF /* PBXTargetDependency */,
			);
			name = "AutoPagerize X";
			productName = "AutoPagerize X";
			productReference = F7D8543D2998CFEA009E5CBF /* AutoPagerize X.app */;
			productType = "com.apple.product-type.application";
		};
		F7D8544D2998CFEB009E5CBF /* AutoPagerize XTests */ = {
			isa = PBXNativeTarget;
			buildConfigurationList = F7D854652998CFEB009E5CBF /* Build configuration list for PBXNativeTarget "AutoPagerize XTests" */;
			buildPhases = (
				F7D8544A2998CFEB009E5CBF /* Sources */,
				F7D8544B2998CFEB009E5CBF /* Frameworks */,
				F7D8544C2998CFEB009E5CBF /* Resources */,
			);
			buildRules = (
			);
			dependencies = (
				F7D854502998CFEB009E5CBF /* PBXTargetDependency */,
			);
			name = "AutoPagerize XTests";
			productName = "AutoPagerize XTests";
			productReference = F7D8544E2998CFEB009E5CBF /* AutoPagerize XTests.xctest */;
			productType = "com.apple.product-type.bundle.unit-test";
		};
		F7D854572998CFEB009E5CBF /* AutoPagerize XUITests */ = {
			isa = PBXNativeTarget;
			buildConfigurationList = F7D854682998CFEB009E5CBF /* Build configuration list for PBXNativeTarget "AutoPagerize XUITests" */;
			buildPhases = (
				F7D854542998CFEB009E5CBF /* Sources */,
				F7D854552998CFEB009E5CBF /* Frameworks */,
				F7D854562998CFEB009E5CBF /* Resources */,
			);
			buildRules = (
			);
			dependencies = (
				F7D8545A2998CFEB009E5CBF /* PBXTargetDependency */,
			);
			name = "AutoPagerize XUITests";
			productName = "AutoPagerize XUITests";
			productReference = F7D854582998CFEB009E5CBF /* AutoPagerize XUITests.xctest */;
			productType = "com.apple.product-type.bundle.ui-testing";
		};
		F7D854B02998D154009E5CBF /* AutoPagerize X Extention iOS */ = {
			isa = PBXNativeTarget;
			buildConfigurationList = F7D854CA2998D154009E5CBF /* Build configuration list for PBXNativeTarget "AutoPagerize X Extention iOS" */;
			buildPhases = (
				F7D854AD2998D154009E5CBF /* Sources */,
				F7D854AE2998D154009E5CBF /* Frameworks */,
				F7D854AF2998D154009E5CBF /* Resources */,
			);
			buildRules = (
			);
			dependencies = (
			);
			name = "AutoPagerize X Extention iOS";
			productName = "AutoPagerize X Extention iOS";
			productReference = F7D854B12998D154009E5CBF /* AutoPagerize X Extention iOS.appex */;
			productType = "com.apple.product-type.app-extension";
		};
		F7D854D02998D171009E5CBF /* AutoPagerize X Extention macOS */ = {
			isa = PBXNativeTarget;
			buildConfigurationList = F7D854EB2998D171009E5CBF /* Build configuration list for PBXNativeTarget "AutoPagerize X Extention macOS" */;
			buildPhases = (
				F7D854CD2998D171009E5CBF /* Sources */,
				F7D854CE2998D171009E5CBF /* Frameworks */,
				F7D854CF2998D171009E5CBF /* Resources */,
			);
			buildRules = (
			);
			dependencies = (
			);
			name = "AutoPagerize X Extention macOS";
			productName = "AutoPagerize X Extention macOS";
			productReference = F7D854D12998D171009E5CBF /* AutoPagerize X Extention macOS.appex */;
			productType = "com.apple.product-type.app-extension";
		};
/* End PBXNativeTarget section */

/* Begin PBXProject section */
		F7D854352998CFEA009E5CBF /* Project object */ = {
			isa = PBXProject;
			attributes = {
				BuildIndependentTargetsInParallel = 1;
				LastSwiftUpdateCheck = 1420;
				LastUpgradeCheck = 1420;
				TargetAttributes = {
					F7D8543C2998CFEA009E5CBF = {
						CreatedOnToolsVersion = 14.2;
					};
					F7D8544D2998CFEB009E5CBF = {
						CreatedOnToolsVersion = 14.2;
						TestTargetID = F7D8543C2998CFEA009E5CBF;
					};
					F7D854572998CFEB009E5CBF = {
						CreatedOnToolsVersion = 14.2;
						TestTargetID = F7D8543C2998CFEA009E5CBF;
					};
					F7D854B02998D154009E5CBF = {
						CreatedOnToolsVersion = 14.2;
					};
					F7D854D02998D171009E5CBF = {
						CreatedOnToolsVersion = 14.2;
					};
				};
			};
			buildConfigurationList = F7D854382998CFEA009E5CBF /* Build configuration list for PBXProject "AutoPagerize X" */;
			compatibilityVersion = "Xcode 14.0";
			developmentRegion = en;
			hasScannedForEncodings = 0;
			knownRegions = (
				en,
				Base,
				ja,
			);
			mainGroup = F7D854342998CFEA009E5CBF;
			productRefGroup = F7D8543E2998CFEA009E5CBF /* Products */;
			projectDirPath = "";
			projectRoot = "";
			targets = (
				F7D8543C2998CFEA009E5CBF /* AutoPagerize X */,
				F7D8544D2998CFEB009E5CBF /* AutoPagerize XTests */,
				F7D854572998CFEB009E5CBF /* AutoPagerize XUITests */,
				F7D854B02998D154009E5CBF /* AutoPagerize X Extention iOS */,
				F7D854D02998D171009E5CBF /* AutoPagerize X Extention macOS */,
			);
		};
/* End PBXProject section */

/* Begin PBXResourcesBuildPhase section */
		F7D8543B2998CFEA009E5CBF /* Resources */ = {
			isa = PBXResourcesBuildPhase;
			buildActionMask = 2147483647;
			files = (
				F7D854492998CFEB009E5CBF /* Preview Assets.xcassets in Resources */,
				F768ED422999579900CAD145 /* Localizable.strings in Resources */,
				F7D854452998CFEB009E5CBF /* Assets.xcassets in Resources */,
			);
			runOnlyForDeploymentPostprocessing = 0;
		};
		F7D8544C2998CFEB009E5CBF /* Resources */ = {
			isa = PBXResourcesBuildPhase;
			buildActionMask = 2147483647;
			files = (
			);
			runOnlyForDeploymentPostprocessing = 0;
		};
		F7D854562998CFEB009E5CBF /* Resources */ = {
			isa = PBXResourcesBuildPhase;
			buildActionMask = 2147483647;
			files = (
			);
			runOnlyForDeploymentPostprocessing = 0;
		};
		F7D854AF2998D154009E5CBF /* Resources */ = {
			isa = PBXResourcesBuildPhase;
			buildActionMask = 2147483647;
			files = (
				F704329D29C7484A007888FE /* popup.css in Resources */,
				F7D854B92998D154009E5CBF /* images in Resources */,
				F779748E29C7080400C2CD12 /* options.js in Resources */,
				F77974A029C7080400C2CD12 /* error.html in Resources */,
				F77974A229C7080400C2CD12 /* background.html in Resources */,
				F779749429C7080400C2CD12 /* locale.js in Resources */,
				F779749C29C7080400C2CD12 /* index.html in Resources */,
				F7D855FF2998D9D0009E5CBF /* options.html in Resources */,
				F779749629C7080400C2CD12 /* background.js in Resources */,
				F779749A29C7080400C2CD12 /* popup.js in Resources */,
				F77974A429C7080400C2CD12 /* 0f0.png in Resources */,
				F779748C29C7080400C2CD12 /* autopagerize.user.js in Resources */,
				F779748A29C7080400C2CD12 /* options.css in Resources */,
				F77974A829C7267C00C2CD12 /* loading.html in Resources */,
				F7D854B72998D154009E5CBF /* _locales in Resources */,
				F77974AB29C72A2F00C2CD12 /* manifest.json in Resources */,
				F779749E29C7080400C2CD12 /* popup.html in Resources */,
				F779749829C7080400C2CD12 /* loading.gif in Resources */,
				F779749229C7080400C2CD12 /* extension.js in Resources */,
				F779748829C7080400C2CD12 /* siteinfo.js in Resources */,
			);
			runOnlyForDeploymentPostprocessing = 0;
		};
		F7D854CF2998D171009E5CBF /* Resources */ = {
			isa = PBXResourcesBuildPhase;
			buildActionMask = 2147483647;
			files = (
				F704329E29C7484A007888FE /* popup.css in Resources */,
				F7D8559A2998D6FD009E5CBF /* images in Resources */,
				F779748F29C7080400C2CD12 /* options.js in Resources */,
				F77974A129C7080400C2CD12 /* error.html in Resources */,
				F77974A329C7080400C2CD12 /* background.html in Resources */,
				F779749529C7080400C2CD12 /* locale.js in Resources */,
				F779749D29C7080400C2CD12 /* index.html in Resources */,
				F7D856002998D9D0009E5CBF /* options.html in Resources */,
				F779749729C7080400C2CD12 /* background.js in Resources */,
				F779749B29C7080400C2CD12 /* popup.js in Resources */,
				F77974A529C7080400C2CD12 /* 0f0.png in Resources */,
				F779748D29C7080400C2CD12 /* autopagerize.user.js in Resources */,
				F779748B29C7080400C2CD12 /* options.css in Resources */,
				F77974A929C7267E00C2CD12 /* loading.html in Resources */,
				F7D8559B2998D720009E5CBF /* _locales in Resources */,
				F77974AC29C72A2F00C2CD12 /* manifest.json in Resources */,
				F779749F29C7080400C2CD12 /* popup.html in Resources */,
				F779749929C7080400C2CD12 /* loading.gif in Resources */,
				F779749329C7080400C2CD12 /* extension.js in Resources */,
				F779748929C7080400C2CD12 /* siteinfo.js in Resources */,
			);
			runOnlyForDeploymentPostprocessing = 0;
		};
/* End PBXResourcesBuildPhase section */

/* Begin PBXSourcesBuildPhase section */
		F7D854392998CFEA009E5CBF /* Sources */ = {
			isa = PBXSourcesBuildPhase;
			buildActionMask = 2147483647;
			files = (
				F7D854432998CFEA009E5CBF /* ContentView.swift in Sources */,
				F768ED3F2999548600CAD145 /* InfoView.swift in Sources */,
				F7D854412998CFEA009E5CBF /* AutoPagerize_XApp.swift in Sources */,
			);
			runOnlyForDeploymentPostprocessing = 0;
		};
		F7D8544A2998CFEB009E5CBF /* Sources */ = {
			isa = PBXSourcesBuildPhase;
			buildActionMask = 2147483647;
			files = (
				F7D854532998CFEB009E5CBF /* AutoPagerize_XTests.swift in Sources */,
			);
			runOnlyForDeploymentPostprocessing = 0;
		};
		F7D854542998CFEB009E5CBF /* Sources */ = {
			isa = PBXSourcesBuildPhase;
			buildActionMask = 2147483647;
			files = (
				F7D8545D2998CFEB009E5CBF /* AutoPagerize_XUITests.swift in Sources */,
				F7D8545F2998CFEB009E5CBF /* AutoPagerize_XUITestsLaunchTests.swift in Sources */,
			);
			runOnlyForDeploymentPostprocessing = 0;
		};
		F7D854AD2998D154009E5CBF /* Sources */ = {
			isa = PBXSourcesBuildPhase;
			buildActionMask = 2147483647;
			files = (
				F7D854EF2998D240009E5CBF /* SafariWebExtensionHandler.swift in Sources */,
			);
			runOnlyForDeploymentPostprocessing = 0;
		};
		F7D854CD2998D171009E5CBF /* Sources */ = {
			isa = PBXSourcesBuildPhase;
			buildActionMask = 2147483647;
			files = (
				F7D854D42998D171009E5CBF /* SafariWebExtensionHandler.swift in Sources */,
			);
			runOnlyForDeploymentPostprocessing = 0;
		};
/* End PBXSourcesBuildPhase section */

/* Begin PBXTargetDependency section */
		F7D854502998CFEB009E5CBF /* PBXTargetDependency */ = {
			isa = PBXTargetDependency;
			target = F7D8543C2998CFEA009E5CBF /* AutoPagerize X */;
			targetProxy = F7D8544F2998CFEB009E5CBF /* PBXContainerItemProxy */;
		};
		F7D8545A2998CFEB009E5CBF /* PBXTargetDependency */ = {
			isa = PBXTargetDependency;
			target = F7D8543C2998CFEA009E5CBF /* AutoPagerize X */;
			targetProxy = F7D854592998CFEB009E5CBF /* PBXContainerItemProxy */;
		};
		F7D854C82998D154009E5CBF /* PBXTargetDependency */ = {
			isa = PBXTargetDependency;
			platformFilter = ios;
			target = F7D854B02998D154009E5CBF /* AutoPagerize X Extention iOS */;
			targetProxy = F7D854C72998D154009E5CBF /* PBXContainerItemProxy */;
		};
		F7D854E92998D171009E5CBF /* PBXTargetDependency */ = {
			isa = PBXTargetDependency;
			platformFilters = (
				macos,
			);
			target = F7D854D02998D171009E5CBF /* AutoPagerize X Extention macOS */;
			targetProxy = F7D854E82998D171009E5CBF /* PBXContainerItemProxy */;
		};
/* End PBXTargetDependency section */

/* Begin PBXVariantGroup section */
		F768ED442999579900CAD145 /* Localizable.strings */ = {
			isa = PBXVariantGroup;
			children = (
				F768ED432999579900CAD145 /* en */,
				F768ED452999579C00CAD145 /* ja */,
			);
			name = Localizable.strings;
			sourceTree = "<group>";
		};
/* End PBXVariantGroup section */

/* Begin XCBuildConfiguration section */
		F7D854602998CFEB009E5CBF /* Debug */ = {
			isa = XCBuildConfiguration;
			buildSettings = {
				ALWAYS_SEARCH_USER_PATHS = NO;
				CLANG_ANALYZER_NONNULL = YES;
				CLANG_ANALYZER_NUMBER_OBJECT_CONVERSION = YES_AGGRESSIVE;
				CLANG_CXX_LANGUAGE_STANDARD = "gnu++20";
				CLANG_ENABLE_MODULES = YES;
				CLANG_ENABLE_OBJC_ARC = YES;
				CLANG_ENABLE_OBJC_WEAK = YES;
				CLANG_WARN_BLOCK_CAPTURE_AUTORELEASING = YES;
				CLANG_WARN_BOOL_CONVERSION = YES;
				CLANG_WARN_COMMA = YES;
				CLANG_WARN_CONSTANT_CONVERSION = YES;
				CLANG_WARN_DEPRECATED_OBJC_IMPLEMENTATIONS = YES;
				CLANG_WARN_DIRECT_OBJC_ISA_USAGE = YES_ERROR;
				CLANG_WARN_DOCUMENTATION_COMMENTS = YES;
				CLANG_WARN_EMPTY_BODY = YES;
				CLANG_WARN_ENUM_CONVERSION = YES;
				CLANG_WARN_INFINITE_RECURSION = YES;
				CLANG_WARN_INT_CONVERSION = YES;
				CLANG_WARN_NON_LITERAL_NULL_CONVERSION = YES;
				CLANG_WARN_OBJC_IMPLICIT_RETAIN_SELF = YES;
				CLANG_WARN_OBJC_LITERAL_CONVERSION = YES;
				CLANG_WARN_OBJC_ROOT_CLASS = YES_ERROR;
				CLANG_WARN_QUOTED_INCLUDE_IN_FRAMEWORK_HEADER = YES;
				CLANG_WARN_RANGE_LOOP_ANALYSIS = YES;
				CLANG_WARN_STRICT_PROTOTYPES = YES;
				CLANG_WARN_SUSPICIOUS_MOVE = YES;
				CLANG_WARN_UNGUARDED_AVAILABILITY = YES_AGGRESSIVE;
				CLANG_WARN_UNREACHABLE_CODE = YES;
				CLANG_WARN__DUPLICATE_METHOD_MATCH = YES;
				COPY_PHASE_STRIP = NO;
				DEBUG_INFORMATION_FORMAT = dwarf;
				ENABLE_STRICT_OBJC_MSGSEND = YES;
				ENABLE_TESTABILITY = YES;
				GCC_C_LANGUAGE_STANDARD = gnu11;
				GCC_DYNAMIC_NO_PIC = NO;
				GCC_NO_COMMON_BLOCKS = YES;
				GCC_OPTIMIZATION_LEVEL = 0;
				GCC_PREPROCESSOR_DEFINITIONS = (
					"DEBUG=1",
					"$(inherited)",
				);
				GCC_WARN_64_TO_32_BIT_CONVERSION = YES;
				GCC_WARN_ABOUT_RETURN_TYPE = YES_ERROR;
				GCC_WARN_UNDECLARED_SELECTOR = YES;
				GCC_WARN_UNINITIALIZED_AUTOS = YES_AGGRESSIVE;
				GCC_WARN_UNUSED_FUNCTION = YES;
				GCC_WARN_UNUSED_VARIABLE = YES;
				MTL_ENABLE_DEBUG_INFO = INCLUDE_SOURCE;
				MTL_FAST_MATH = YES;
				ONLY_ACTIVE_ARCH = YES;
				SWIFT_ACTIVE_COMPILATION_CONDITIONS = DEBUG;
				SWIFT_OPTIMIZATION_LEVEL = "-Onone";
			};
			name = Debug;
		};
		F7D854612998CFEB009E5CBF /* Release */ = {
			isa = XCBuildConfiguration;
			buildSettings = {
				ALWAYS_SEARCH_USER_PATHS = NO;
				CLANG_ANALYZER_NONNULL = YES;
				CLANG_ANALYZER_NUMBER_OBJECT_CONVERSION = YES_AGGRESSIVE;
				CLANG_CXX_LANGUAGE_STANDARD = "gnu++20";
				CLANG_ENABLE_MODULES = YES;
				CLANG_ENABLE_OBJC_ARC = YES;
				CLANG_ENABLE_OBJC_WEAK = YES;
				CLANG_WARN_BLOCK_CAPTURE_AUTORELEASING = YES;
				CLANG_WARN_BOOL_CONVERSION = YES;
				CLANG_WARN_COMMA = YES;
				CLANG_WARN_CONSTANT_CONVERSION = YES;
				CLANG_WARN_DEPRECATED_OBJC_IMPLEMENTATIONS = YES;
				CLANG_WARN_DIRECT_OBJC_ISA_USAGE = YES_ERROR;
				CLANG_WARN_DOCUMENTATION_COMMENTS = YES;
				CLANG_WARN_EMPTY_BODY = YES;
				CLANG_WARN_ENUM_CONVERSION = YES;
				CLANG_WARN_INFINITE_RECURSION = YES;
				CLANG_WARN_INT_CONVERSION = YES;
				CLANG_WARN_NON_LITERAL_NULL_CONVERSION = YES;
				CLANG_WARN_OBJC_IMPLICIT_RETAIN_SELF = YES;
				CLANG_WARN_OBJC_LITERAL_CONVERSION = YES;
				CLANG_WARN_OBJC_ROOT_CLASS = YES_ERROR;
				CLANG_WARN_QUOTED_INCLUDE_IN_FRAMEWORK_HEADER = YES;
				CLANG_WARN_RANGE_LOOP_ANALYSIS = YES;
				CLANG_WARN_STRICT_PROTOTYPES = YES;
				CLANG_WARN_SUSPICIOUS_MOVE = YES;
				CLANG_WARN_UNGUARDED_AVAILABILITY = YES_AGGRESSIVE;
				CLANG_WARN_UNREACHABLE_CODE = YES;
				CLANG_WARN__DUPLICATE_METHOD_MATCH = YES;
				COPY_PHASE_STRIP = NO;
				DEBUG_INFORMATION_FORMAT = "dwarf-with-dsym";
				ENABLE_NS_ASSERTIONS = NO;
				ENABLE_STRICT_OBJC_MSGSEND = YES;
				GCC_C_LANGUAGE_STANDARD = gnu11;
				GCC_NO_COMMON_BLOCKS = YES;
				GCC_WARN_64_TO_32_BIT_CONVERSION = YES;
				GCC_WARN_ABOUT_RETURN_TYPE = YES_ERROR;
				GCC_WARN_UNDECLARED_SELECTOR = YES;
				GCC_WARN_UNINITIALIZED_AUTOS = YES_AGGRESSIVE;
				GCC_WARN_UNUSED_FUNCTION = YES;
				GCC_WARN_UNUSED_VARIABLE = YES;
				MTL_ENABLE_DEBUG_INFO = NO;
				MTL_FAST_MATH = YES;
				SWIFT_COMPILATION_MODE = wholemodule;
				SWIFT_OPTIMIZATION_LEVEL = "-O";
			};
			name = Release;
		};
		F7D854632998CFEB009E5CBF /* Debug */ = {
			isa = XCBuildConfiguration;
			buildSettings = {
				ALWAYS_EMBED_SWIFT_STANDARD_LIBRARIES = YES;
				ASSETCATALOG_COMPILER_APPICON_NAME = AppIcon;
				ASSETCATALOG_COMPILER_GLOBAL_ACCENT_COLOR_NAME = AccentColor;
				CODE_SIGN_ENTITLEMENTS = "AutoPagerize X/AutoPagerize_X.entitlements";
				CODE_SIGN_STYLE = Automatic;
				CURRENT_PROJECT_VERSION = 2;
				DEVELOPMENT_ASSET_PATHS = "\"AutoPagerize X/Preview Content\"";
				DEVELOPMENT_TEAM = 7AA87AZ875;
				ENABLE_HARDENED_RUNTIME = YES;
				ENABLE_PREVIEWS = YES;
				GENERATE_INFOPLIST_FILE = YES;
				INFOPLIST_KEY_LSApplicationCategoryType = "public.app-category.utilities";
				INFOPLIST_KEY_NSHumanReadableCopyright = "© 2023 Keisuke Chinone";
				"INFOPLIST_KEY_UIApplicationSceneManifest_Generation[sdk=iphoneos*]" = YES;
				"INFOPLIST_KEY_UIApplicationSceneManifest_Generation[sdk=iphonesimulator*]" = YES;
				"INFOPLIST_KEY_UIApplicationSupportsIndirectInputEvents[sdk=iphoneos*]" = YES;
				"INFOPLIST_KEY_UIApplicationSupportsIndirectInputEvents[sdk=iphonesimulator*]" = YES;
				"INFOPLIST_KEY_UILaunchScreen_Generation[sdk=iphoneos*]" = YES;
				"INFOPLIST_KEY_UILaunchScreen_Generation[sdk=iphonesimulator*]" = YES;
				"INFOPLIST_KEY_UIStatusBarStyle[sdk=iphoneos*]" = UIStatusBarStyleDefault;
				"INFOPLIST_KEY_UIStatusBarStyle[sdk=iphonesimulator*]" = UIStatusBarStyleDefault;
				INFOPLIST_KEY_UISupportedInterfaceOrientations_iPad = "UIInterfaceOrientationPortrait UIInterfaceOrientationPortraitUpsideDown UIInterfaceOrientationLandscapeLeft UIInterfaceOrientationLandscapeRight";
				INFOPLIST_KEY_UISupportedInterfaceOrientations_iPhone = "UIInterfaceOrientationPortrait UIInterfaceOrientationLandscapeLeft UIInterfaceOrientationLandscapeRight";
				IPHONEOS_DEPLOYMENT_TARGET = 16.2;
				LD_RUNPATH_SEARCH_PATHS = "@executable_path/Frameworks";
				"LD_RUNPATH_SEARCH_PATHS[sdk=macosx*]" = "@executable_path/../Frameworks";
				MACOSX_DEPLOYMENT_TARGET = 13.1;
				MARKETING_VERSION = 1.0;
				PRODUCT_BUNDLE_IDENTIFIER = "com.KCs-webExtention3.AutoPagerize-X";
				PRODUCT_NAME = "$(TARGET_NAME)";
				SDKROOT = auto;
				SUPPORTED_PLATFORMS = "iphoneos iphonesimulator macosx";
				SWIFT_EMIT_LOC_STRINGS = YES;
				SWIFT_VERSION = 5.0;
				TARGETED_DEVICE_FAMILY = "1,2";
			};
			name = Debug;
		};
		F7D854642998CFEB009E5CBF /* Release */ = {
			isa = XCBuildConfiguration;
			buildSettings = {
				ALWAYS_EMBED_SWIFT_STANDARD_LIBRARIES = YES;
				ASSETCATALOG_COMPILER_APPICON_NAME = AppIcon;
				ASSETCATALOG_COMPILER_GLOBAL_ACCENT_COLOR_NAME = AccentColor;
				CODE_SIGN_ENTITLEMENTS = "AutoPagerize X/AutoPagerize_X.entitlements";
				CODE_SIGN_STYLE = Automatic;
				CURRENT_PROJECT_VERSION = 2;
				DEVELOPMENT_ASSET_PATHS = "\"AutoPagerize X/Preview Content\"";
				DEVELOPMENT_TEAM = 7AA87AZ875;
				ENABLE_HARDENED_RUNTIME = YES;
				ENABLE_PREVIEWS = YES;
				GENERATE_INFOPLIST_FILE = YES;
				INFOPLIST_KEY_LSApplicationCategoryType = "public.app-category.utilities";
				INFOPLIST_KEY_NSHumanReadableCopyright = "© 2023 Keisuke Chinone";
				"INFOPLIST_KEY_UIApplicationSceneManifest_Generation[sdk=iphoneos*]" = YES;
				"INFOPLIST_KEY_UIApplicationSceneManifest_Generation[sdk=iphonesimulator*]" = YES;
				"INFOPLIST_KEY_UIApplicationSupportsIndirectInputEvents[sdk=iphoneos*]" = YES;
				"INFOPLIST_KEY_UIApplicationSupportsIndirectInputEvents[sdk=iphonesimulator*]" = YES;
				"INFOPLIST_KEY_UILaunchScreen_Generation[sdk=iphoneos*]" = YES;
				"INFOPLIST_KEY_UILaunchScreen_Generation[sdk=iphonesimulator*]" = YES;
				"INFOPLIST_KEY_UIStatusBarStyle[sdk=iphoneos*]" = UIStatusBarStyleDefault;
				"INFOPLIST_KEY_UIStatusBarStyle[sdk=iphonesimulator*]" = UIStatusBarStyleDefault;
				INFOPLIST_KEY_UISupportedInterfaceOrientations_iPad = "UIInterfaceOrientationPortrait UIInterfaceOrientationPortraitUpsideDown UIInterfaceOrientationLandscapeLeft UIInterfaceOrientationLandscapeRight";
				INFOPLIST_KEY_UISupportedInterfaceOrientations_iPhone = "UIInterfaceOrientationPortrait UIInterfaceOrientationLandscapeLeft UIInterfaceOrientationLandscapeRight";
				IPHONEOS_DEPLOYMENT_TARGET = 16.2;
				LD_RUNPATH_SEARCH_PATHS = "@executable_path/Frameworks";
				"LD_RUNPATH_SEARCH_PATHS[sdk=macosx*]" = "@executable_path/../Frameworks";
				MACOSX_DEPLOYMENT_TARGET = 13.1;
				MARKETING_VERSION = 1.0;
				PRODUCT_BUNDLE_IDENTIFIER = "com.KCs-webExtention3.AutoPagerize-X";
				PRODUCT_NAME = "$(TARGET_NAME)";
				SDKROOT = auto;
				SUPPORTED_PLATFORMS = "iphoneos iphonesimulator macosx";
				SWIFT_EMIT_LOC_STRINGS = YES;
				SWIFT_VERSION = 5.0;
				TARGETED_DEVICE_FAMILY = "1,2";
			};
			name = Release;
		};
		F7D854662998CFEB009E5CBF /* Debug */ = {
			isa = XCBuildConfiguration;
			buildSettings = {
				ALWAYS_EMBED_SWIFT_STANDARD_LIBRARIES = YES;
				BUNDLE_LOADER = "$(TEST_HOST)";
				CODE_SIGN_STYLE = Automatic;
				CURRENT_PROJECT_VERSION = 1;
				DEVELOPMENT_TEAM = 7AA87AZ875;
				GENERATE_INFOPLIST_FILE = YES;
				IPHONEOS_DEPLOYMENT_TARGET = 16.2;
				MACOSX_DEPLOYMENT_TARGET = 13.1;
				MARKETING_VERSION = 1.0;
				PRODUCT_BUNDLE_IDENTIFIER = "com.KCs-webExtention3.AutoPagerize-XTests";
				PRODUCT_NAME = "$(TARGET_NAME)";
				SDKROOT = auto;
				SUPPORTED_PLATFORMS = "iphoneos iphonesimulator macosx";
				SWIFT_EMIT_LOC_STRINGS = NO;
				SWIFT_VERSION = 5.0;
				TARGETED_DEVICE_FAMILY = "1,2";
				TEST_HOST = "$(BUILT_PRODUCTS_DIR)/AutoPagerize X.app/$(BUNDLE_EXECUTABLE_FOLDER_PATH)/AutoPagerize X";
			};
			name = Debug;
		};
		F7D854672998CFEB009E5CBF /* Release */ = {
			isa = XCBuildConfiguration;
			buildSettings = {
				ALWAYS_EMBED_SWIFT_STANDARD_LIBRARIES = YES;
				BUNDLE_LOADER = "$(TEST_HOST)";
				CODE_SIGN_STYLE = Automatic;
				CURRENT_PROJECT_VERSION = 1;
				DEVELOPMENT_TEAM = 7AA87AZ875;
				GENERATE_INFOPLIST_FILE = YES;
				IPHONEOS_DEPLOYMENT_TARGET = 16.2;
				MACOSX_DEPLOYMENT_TARGET = 13.1;
				MARKETING_VERSION = 1.0;
				PRODUCT_BUNDLE_IDENTIFIER = "com.KCs-webExtention3.AutoPagerize-XTests";
				PRODUCT_NAME = "$(TARGET_NAME)";
				SDKROOT = auto;
				SUPPORTED_PLATFORMS = "iphoneos iphonesimulator macosx";
				SWIFT_EMIT_LOC_STRINGS = NO;
				SWIFT_VERSION = 5.0;
				TARGETED_DEVICE_FAMILY = "1,2";
				TEST_HOST = "$(BUILT_PRODUCTS_DIR)/AutoPagerize X.app/$(BUNDLE_EXECUTABLE_FOLDER_PATH)/AutoPagerize X";
			};
			name = Release;
		};
		F7D854692998CFEB009E5CBF /* Debug */ = {
			isa = XCBuildConfiguration;
			buildSettings = {
				ALWAYS_EMBED_SWIFT_STANDARD_LIBRARIES = YES;
				CODE_SIGN_STYLE = Automatic;
				CURRENT_PROJECT_VERSION = 1;
				DEVELOPMENT_TEAM = 7AA87AZ875;
				GENERATE_INFOPLIST_FILE = YES;
				IPHONEOS_DEPLOYMENT_TARGET = 16.2;
				MACOSX_DEPLOYMENT_TARGET = 13.1;
				MARKETING_VERSION = 1.0;
				PRODUCT_BUNDLE_IDENTIFIER = "com.KCs-webExtention3.AutoPagerize-XUITests";
				PRODUCT_NAME = "$(TARGET_NAME)";
				SDKROOT = auto;
				SUPPORTED_PLATFORMS = "iphoneos iphonesimulator macosx";
				SWIFT_EMIT_LOC_STRINGS = NO;
				SWIFT_VERSION = 5.0;
				TARGETED_DEVICE_FAMILY = "1,2";
				TEST_TARGET_NAME = "AutoPagerize X";
			};
			name = Debug;
		};
		F7D8546A2998CFEB009E5CBF /* Release */ = {
			isa = XCBuildConfiguration;
			buildSettings = {
				ALWAYS_EMBED_SWIFT_STANDARD_LIBRARIES = YES;
				CODE_SIGN_STYLE = Automatic;
				CURRENT_PROJECT_VERSION = 1;
				DEVELOPMENT_TEAM = 7AA87AZ875;
				GENERATE_INFOPLIST_FILE = YES;
				IPHONEOS_DEPLOYMENT_TARGET = 16.2;
				MACOSX_DEPLOYMENT_TARGET = 13.1;
				MARKETING_VERSION = 1.0;
				PRODUCT_BUNDLE_IDENTIFIER = "com.KCs-webExtention3.AutoPagerize-XUITests";
				PRODUCT_NAME = "$(TARGET_NAME)";
				SDKROOT = auto;
				SUPPORTED_PLATFORMS = "iphoneos iphonesimulator macosx";
				SWIFT_EMIT_LOC_STRINGS = NO;
				SWIFT_VERSION = 5.0;
				TARGETED_DEVICE_FAMILY = "1,2";
				TEST_TARGET_NAME = "AutoPagerize X";
			};
			name = Release;
		};
		F7D854CB2998D154009E5CBF /* Debug */ = {
			isa = XCBuildConfiguration;
			buildSettings = {
				CODE_SIGN_STYLE = Automatic;
				CURRENT_PROJECT_VERSION = 2;
				DEVELOPMENT_TEAM = 7AA87AZ875;
				GENERATE_INFOPLIST_FILE = YES;
				INFOPLIST_FILE = "AutoPagerize X Extention iOS/Info.plist";
				INFOPLIST_KEY_CFBundleDisplayName = "AutoPagerize X Extention iOS";
				INFOPLIST_KEY_NSHumanReadableCopyright = "© 2010 swdyh";
				IPHONEOS_DEPLOYMENT_TARGET = 16.2;
				LD_RUNPATH_SEARCH_PATHS = (
					"$(inherited)",
					"@executable_path/Frameworks",
					"@executable_path/../../Frameworks",
				);
				MARKETING_VERSION = 1.0;
				OTHER_LDFLAGS = (
					"-framework",
					SafariServices,
				);
				PRODUCT_BUNDLE_IDENTIFIER = "com.KCs-webExtention3.AutoPagerize-X.AutoPagerize-X-Extention-iOS";
				PRODUCT_NAME = "$(TARGET_NAME)";
				SDKROOT = iphoneos;
				SKIP_INSTALL = YES;
				SWIFT_EMIT_LOC_STRINGS = YES;
				SWIFT_VERSION = 5.0;
				TARGETED_DEVICE_FAMILY = "1,2";
			};
			name = Debug;
		};
		F7D854CC2998D154009E5CBF /* Release */ = {
			isa = XCBuildConfiguration;
			buildSettings = {
				CODE_SIGN_STYLE = Automatic;
				CURRENT_PROJECT_VERSION = 2;
				DEVELOPMENT_TEAM = 7AA87AZ875;
				GENERATE_INFOPLIST_FILE = YES;
				INFOPLIST_FILE = "AutoPagerize X Extention iOS/Info.plist";
				INFOPLIST_KEY_CFBundleDisplayName = "AutoPagerize X Extention iOS";
				INFOPLIST_KEY_NSHumanReadableCopyright = "© 2010 swdyh";
				IPHONEOS_DEPLOYMENT_TARGET = 16.2;
				LD_RUNPATH_SEARCH_PATHS = (
					"$(inherited)",
					"@executable_path/Frameworks",
					"@executable_path/../../Frameworks",
				);
				MARKETING_VERSION = 1.0;
				OTHER_LDFLAGS = (
					"-framework",
					SafariServices,
				);
				PRODUCT_BUNDLE_IDENTIFIER = "com.KCs-webExtention3.AutoPagerize-X.AutoPagerize-X-Extention-iOS";
				PRODUCT_NAME = "$(TARGET_NAME)";
				SDKROOT = iphoneos;
				SKIP_INSTALL = YES;
				SWIFT_EMIT_LOC_STRINGS = YES;
				SWIFT_VERSION = 5.0;
				TARGETED_DEVICE_FAMILY = "1,2";
				VALIDATE_PRODUCT = YES;
			};
			name = Release;
		};
		F7D854EC2998D171009E5CBF /* Debug */ = {
			isa = XCBuildConfiguration;
			buildSettings = {
				CODE_SIGN_ENTITLEMENTS = "AutoPagerize X Extention macOS/AutoPagerize_X_Extention_macOS.entitlements";
				CODE_SIGN_STYLE = Automatic;
				CURRENT_PROJECT_VERSION = 2;
				DEVELOPMENT_TEAM = 7AA87AZ875;
				ENABLE_HARDENED_RUNTIME = YES;
				GENERATE_INFOPLIST_FILE = YES;
				INFOPLIST_FILE = "AutoPagerize X Extention macOS/Info.plist";
				INFOPLIST_KEY_CFBundleDisplayName = "AutoPagerize X Extention macOS";
				INFOPLIST_KEY_NSHumanReadableCopyright = "© 2010 swdyh";
				LD_RUNPATH_SEARCH_PATHS = (
					"$(inherited)",
					"@executable_path/../Frameworks",
					"@executable_path/../../../../Frameworks",
				);
				MACOSX_DEPLOYMENT_TARGET = 13.1;
				MARKETING_VERSION = 1.0;
				OTHER_LDFLAGS = (
					"-framework",
					SafariServices,
				);
				PRODUCT_BUNDLE_IDENTIFIER = "com.KCs-webExtention3.AutoPagerize-X.AutoPagerize-X-Extention-macOS";
				PRODUCT_NAME = "$(TARGET_NAME)";
				SDKROOT = macosx;
				SKIP_INSTALL = YES;
				SWIFT_EMIT_LOC_STRINGS = YES;
				SWIFT_VERSION = 5.0;
			};
			name = Debug;
		};
		F7D854ED2998D171009E5CBF /* Release */ = {
			isa = XCBuildConfiguration;
			buildSettings = {
				CODE_SIGN_ENTITLEMENTS = "AutoPagerize X Extention macOS/AutoPagerize_X_Extention_macOS.entitlements";
				CODE_SIGN_STYLE = Automatic;
				CURRENT_PROJECT_VERSION = 2;
				DEVELOPMENT_TEAM = 7AA87AZ875;
				ENABLE_HARDENED_RUNTIME = YES;
				GENERATE_INFOPLIST_FILE = YES;
				INFOPLIST_FILE = "AutoPagerize X Extention macOS/Info.plist";
				INFOPLIST_KEY_CFBundleDisplayName = "AutoPagerize X Extention macOS";
				INFOPLIST_KEY_NSHumanReadableCopyright = "© 2010 swdyh";
				LD_RUNPATH_SEARCH_PATHS = (
					"$(inherited)",
					"@executable_path/../Frameworks",
					"@executable_path/../../../../Frameworks",
				);
				MACOSX_DEPLOYMENT_TARGET = 13.1;
				MARKETING_VERSION = 1.0;
				OTHER_LDFLAGS = (
					"-framework",
					SafariServices,
				);
				PRODUCT_BUNDLE_IDENTIFIER = "com.KCs-webExtention3.AutoPagerize-X.AutoPagerize-X-Extention-macOS";
				PRODUCT_NAME = "$(TARGET_NAME)";
				SDKROOT = macosx;
				SKIP_INSTALL = YES;
				SWIFT_EMIT_LOC_STRINGS = YES;
				SWIFT_VERSION = 5.0;
			};
			name = Release;
		};
/* End XCBuildConfiguration section */

/* Begin XCConfigurationList section */
		F7D854382998CFEA009E5CBF /* Build configuration list for PBXProject "AutoPagerize X" */ = {
			isa = XCConfigurationList;
			buildConfigurations = (
				F7D854602998CFEB009E5CBF /* Debug */,
				F7D854612998CFEB009E5CBF /* Release */,
			);
			defaultConfigurationIsVisible = 0;
			defaultConfigurationName = Release;
		};
		F7D854622998CFEB009E5CBF /* Build configuration list for PBXNativeTarget "AutoPagerize X" */ = {
			isa = XCConfigurationList;
			buildConfigurations = (
				F7D854632998CFEB009E5CBF /* Debug */,
				F7D854642998CFEB009E5CBF /* Release */,
			);
			defaultConfigurationIsVisible = 0;
			defaultConfigurationName = Release;
		};
		F7D854652998CFEB009E5CBF /* Build configuration list for PBXNativeTarget "AutoPagerize XTests" */ = {
			isa = XCConfigurationList;
			buildConfigurations = (
				F7D854662998CFEB009E5CBF /* Debug */,
				F7D854672998CFEB009E5CBF /* Release */,
			);
			defaultConfigurationIsVisible = 0;
			defaultConfigurationName = Release;
		};
		F7D854682998CFEB009E5CBF /* Build configuration list for PBXNativeTarget "AutoPagerize XUITests" */ = {
			isa = XCConfigurationList;
			buildConfigurations = (
				F7D854692998CFEB009E5CBF /* Debug */,
				F7D8546A2998CFEB009E5CBF /* Release */,
			);
			defaultConfigurationIsVisible = 0;
			defaultConfigurationName = Release;
		};
		F7D854CA2998D154009E5CBF /* Build configuration list for PBXNativeTarget "AutoPagerize X Extention iOS" */ = {
			isa = XCConfigurationList;
			buildConfigurations = (
				F7D854CB2998D154009E5CBF /* Debug */,
				F7D854CC2998D154009E5CBF /* Release */,
			);
			defaultConfigurationIsVisible = 0;
			defaultConfigurationName = Release;
		};
		F7D854EB2998D171009E5CBF /* Build configuration list for PBXNativeTarget "AutoPagerize X Extention macOS" */ = {
			isa = XCConfigurationList;
			buildConfigurations = (
				F7D854EC2998D171009E5CBF /* Debug */,
				F7D854ED2998D171009E5CBF /* Release */,
			);
			defaultConfigurationIsVisible = 0;
			defaultConfigurationName = Release;
		};
/* End XCConfigurationList section */
	};
	rootObject = F7D854352998CFEA009E5CBF /* Project object */;
}
